// !$*UTF8*$!
{
	archiveVersion = 1;
	classes = {
	};
	objectVersion = 77;
	objects = {

/* Begin PBXContainerItemProxy section */
		A9923CA22D37BB0500B30FA5 /* PBXContainerItemProxy */ = {
			isa = PBXContainerItemProxy;
			containerPortal = A9923C802D37BB0300B30FA5 /* Project object */;
			proxyType = 1;
			remoteGlobalIDString = A9923C872D37BB0400B30FA5;
			remoteInfo = ShoesCloset;
		};
		A9923CAC2D37BB0500B30FA5 /* PBXContainerItemProxy */ = {
			isa = PBXContainerItemProxy;
			containerPortal = A9923C802D37BB0300B30FA5 /* Project object */;
			proxyType = 1;
			remoteGlobalIDString = A9923C872D37BB0400B30FA5;
			remoteInfo = ShoesCloset;
		};
/* End PBXContainerItemProxy section */

/* Begin PBXFileReference section */
		A9923C882D37BB0400B30FA5 /* ShoesCloset.app */ = {isa = PBXFileReference; explicitFileType = wrapper.application; includeInIndex = 0; path = ShoesCloset.app; sourceTree = BUILT_PRODUCTS_DIR; };
		A9923CA12D37BB0500B30FA5 /* ShoesClosetTests.xctest */ = {isa = PBXFileReference; explicitFileType = wrapper.cfbundle; includeInIndex = 0; path = ShoesClosetTests.xctest; sourceTree = BUILT_PRODUCTS_DIR; };
		A9923CAB2D37BB0500B30FA5 /* ShoesClosetUITests.xctest */ = {isa = PBXFileReference; explicitFileType = wrapper.cfbundle; includeInIndex = 0; path = ShoesClosetUITests.xctest; sourceTree = BUILT_PRODUCTS_DIR; };
/* End PBXFileReference section */

/* Begin PBXFileSystemSynchronizedBuildFileExceptionSet section */
		A9923CB32D37BB0500B30FA5 /* Exceptions for "ShoesCloset" folder in "ShoesCloset" target */ = {
			isa = PBXFileSystemSynchronizedBuildFileExceptionSet;
			membershipExceptions = (
				Info.plist,
			);
			target = A9923C872D37BB0400B30FA5 /* ShoesCloset */;
		};
/* End PBXFileSystemSynchronizedBuildFileExceptionSet section */

/* Begin PBXFileSystemSynchronizedRootGroup section */
		A9923C8A2D37BB0400B30FA5 /* ShoesCloset */ = {
			isa = PBXFileSystemSynchronizedRootGroup;
			exceptions = (
				A9923CB32D37BB0500B30FA5 /* Exceptions for "ShoesCloset" folder in "ShoesCloset" target */,
			);
			path = ShoesCloset;
			sourceTree = "<group>";
		};
		A9923CA42D37BB0500B30FA5 /* ShoesClosetTests */ = {
			isa = PBXFileSystemSynchronizedRootGroup;
			path = ShoesClosetTests;
			sourceTree = "<group>";
		};
		A9923CAE2D37BB0500B30FA5 /* ShoesClosetUITests */ = {
			isa = PBXFileSystemSynchronizedRootGroup;
			path = ShoesClosetUITests;
			sourceTree = "<group>";
		};
/* End PBXFileSystemSynchronizedRootGroup section */

/* Begin PBXFrameworksBuildPhase section */
		A9923C852D37BB0400B30FA5 /* Frameworks */ = {
			isa = PBXFrameworksBuildPhase;
			buildActionMask = 2147483647;
			files = (
			);
			runOnlyForDeploymentPostprocessing = 0;
		};
		A9923C9E2D37BB0500B30FA5 /* Frameworks */ = {
			isa = PBXFrameworksBuildPhase;
			buildActionMask = 2147483647;
			files = (
			);
			runOnlyForDeploymentPostprocessing = 0;
		};
		A9923CA82D37BB0500B30FA5 /* Frameworks */ = {
			isa = PBXFrameworksBuildPhase;
			buildActionMask = 2147483647;
			files = (
			);
			runOnlyForDeploymentPostprocessing = 0;
		};
/* End PBXFrameworksBuildPhase section */

/* Begin PBXGroup section */
		A9923C7F2D37BB0300B30FA5 = {
			isa = PBXGroup;
			children = (
				A9923C8A2D37BB0400B30FA5 /* ShoesCloset */,
				A9923CA42D37BB0500B30FA5 /* ShoesClosetTests */,
				A9923CAE2D37BB0500B30FA5 /* ShoesClosetUITests */,
				A9923C892D37BB0400B30FA5 /* Products */,
			);
			sourceTree = "<group>";
		};
		A9923C892D37BB0400B30FA5 /* Products */ = {
			isa = PBXGroup;
			children = (
				A9923C882D37BB0400B30FA5 /* ShoesCloset.app */,
				A9923CA12D37BB0500B30FA5 /* ShoesClosetTests.xctest */,
				A9923CAB2D37BB0500B30FA5 /* ShoesClosetUITests.xctest */,
			);
			name = Products;
			sourceTree = "<group>";
		};
/* End PBXGroup section */

/* Begin PBXNativeTarget section */
		A9923C872D37BB0400B30FA5 /* ShoesCloset */ = {
			isa = PBXNativeTarget;
			buildConfigurationList = A9923CB42D37BB0500B30FA5 /* Build configuration list for PBXNativeTarget "ShoesCloset" */;
			buildPhases = (
				A9923C842D37BB0400B30FA5 /* Sources */,
				A9923C852D37BB0400B30FA5 /* Frameworks */,
				A9923C862D37BB0400B30FA5 /* Resources */,
			);
			buildRules = (
			);
			dependencies = (
			);
			fileSystemSynchronizedGroups = (
				A9923C8A2D37BB0400B30FA5 /* ShoesCloset */,
			);
			name = ShoesCloset;
			packageProductDependencies = (
			);
			productName = ShoesCloset;
			productReference = A9923C882D37BB0400B30FA5 /* ShoesCloset.app */;
			productType = "com.apple.product-type.application";
		};
		A9923CA02D37BB0500B30FA5 /* ShoesClosetTests */ = {
			isa = PBXNativeTarget;
			buildConfigurationList = A9923CB92D37BB0500B30FA5 /* Build configuration list for PBXNativeTarget "ShoesClosetTests" */;
			buildPhases = (
				A9923C9D2D37BB0500B30FA5 /* Sources */,
				A9923C9E2D37BB0500B30FA5 /* Frameworks */,
				A9923C9F2D37BB0500B30FA5 /* Resources */,
			);
			buildRules = (
			);
			dependencies = (
				A9923CA32D37BB0500B30FA5 /* PBXTargetDependency */,
			);
			fileSystemSynchronizedGroups = (
				A9923CA42D37BB0500B30FA5 /* ShoesClosetTests */,
			);
			name = ShoesClosetTests;
			packageProductDependencies = (
			);
			productName = ShoesClosetTests;
			productReference = A9923CA12D37BB0500B30FA5 /* ShoesClosetTests.xctest */;
			productType = "com.apple.product-type.bundle.unit-test";
		};
		A9923CAA2D37BB0500B30FA5 /* ShoesClosetUITests */ = {
			isa = PBXNativeTarget;
			buildConfigurationList = A9923CBC2D37BB0500B30FA5 /* Build configuration list for PBXNativeTarget "ShoesClosetUITests" */;
			buildPhases = (
				A9923CA72D37BB0500B30FA5 /* Sources */,
				A9923CA82D37BB0500B30FA5 /* Frameworks */,
				A9923CA92D37BB0500B30FA5 /* Resources */,
			);
			buildRules = (
			);
			dependencies = (
				A9923CAD2D37BB0500B30FA5 /* PBXTargetDependency */,
			);
			fileSystemSynchronizedGroups = (
				A9923CAE2D37BB0500B30FA5 /* ShoesClosetUITests */,
			);
			name = ShoesClosetUITests;
			packageProductDependencies = (
			);
			productName = ShoesClosetUITests;
			productReference = A9923CAB2D37BB0500B30FA5 /* ShoesClosetUITests.xctest */;
			productType = "com.apple.product-type.bundle.ui-testing";
		};
/* End PBXNativeTarget section */

/* Begin PBXProject section */
		A9923C802D37BB0300B30FA5 /* Project object */ = {
			isa = PBXProject;
			attributes = {
				BuildIndependentTargetsInParallel = 1;
				LastSwiftUpdateCheck = 1600;
				LastUpgradeCheck = 1600;
				TargetAttributes = {
					A9923C872D37BB0400B30FA5 = {
						CreatedOnToolsVersion = 16.0;
					};
					A9923CA02D37BB0500B30FA5 = {
						CreatedOnToolsVersion = 16.0;
						TestTargetID = A9923C872D37BB0400B30FA5;
					};
					A9923CAA2D37BB0500B30FA5 = {
						CreatedOnToolsVersion = 16.0;
						TestTargetID = A9923C872D37BB0400B30FA5;
					};
				};
			};
			buildConfigurationList = A9923C832D37BB0300B30FA5 /* Build configuration list for PBXProject "ShoesCloset" */;
			developmentRegion = en;
			hasScannedForEncodings = 0;
			knownRegions = (
				en,
				Base,
			);
			mainGroup = A9923C7F2D37BB0300B30FA5;
			minimizedProjectReferenceProxies = 1;
			preferredProjectObjectVersion = 77;
			productRefGroup = A9923C892D37BB0400B30FA5 /* Products */;
			projectDirPath = "";
			projectRoot = "";
			targets = (
				A9923C872D37BB0400B30FA5 /* ShoesCloset */,
				A9923CA02D37BB0500B30FA5 /* ShoesClosetTests */,
				A9923CAA2D37BB0500B30FA5 /* ShoesClosetUITests */,
			);
		};
/* End PBXProject section */

/* Begin PBXResourcesBuildPhase section */
		A9923C862D37BB0400B30FA5 /* Resources */ = {
			isa = PBXResourcesBuildPhase;
			buildActionMask = 2147483647;
			files = (
			);
			runOnlyForDeploymentPostprocessing = 0;
		};
		A9923C9F2D37BB0500B30FA5 /* Resources */ = {
			isa = PBXResourcesBuildPhase;
			buildActionMask = 2147483647;
			files = (
			);
			runOnlyForDeploymentPostprocessing = 0;
		};
		A9923CA92D37BB0500B30FA5 /* Resources */ = {
			isa = PBXResourcesBuildPhase;
			buildActionMask = 2147483647;
			files = (
			);
			runOnlyForDeploymentPostprocessing = 0;
		};
/* End PBXResourcesBuildPhase section */

/* Begin PBXSourcesBuildPhase section */
		A9923C842D37BB0400B30FA5 /* Sources */ = {
			isa = PBXSourcesBuildPhase;
			buildActionMask = 2147483647;
			files = (
			);
			runOnlyForDeploymentPostprocessing = 0;
		};
		A9923C9D2D37BB0500B30FA5 /* Sources */ = {
			isa = PBXSourcesBuildPhase;
			buildActionMask = 2147483647;
			files = (
			);
			runOnlyForDeploymentPostprocessing = 0;
		};
		A9923CA72D37BB0500B30FA5 /* Sources */ = {
			isa = PBXSourcesBuildPhase;
			buildActionMask = 2147483647;
			files = (
			);
			runOnlyForDeploymentPostprocessing = 0;
		};
/* End PBXSourcesBuildPhase section */

/* Begin PBXTargetDependency section */
		A9923CA32D37BB0500B30FA5 /* PBXTargetDependency */ = {
			isa = PBXTargetDependency;
			target = A9923C872D37BB0400B30FA5 /* ShoesCloset */;
			targetProxy = A9923CA22D37BB0500B30FA5 /* PBXContainerItemProxy */;
		};
		A9923CAD2D37BB0500B30FA5 /* PBXTargetDependency */ = {
			isa = PBXTargetDependency;
			target = A9923C872D37BB0400B30FA5 /* ShoesCloset */;
			targetProxy = A9923CAC2D37BB0500B30FA5 /* PBXContainerItemProxy */;
		};
/* End PBXTargetDependency section */

/* Begin XCBuildConfiguration section */
		A9923CB52D37BB0500B30FA5 /* Debug */ = {
			isa = XCBuildConfiguration;
			buildSettings = {
				ASSETCATALOG_COMPILER_APPICON_NAME = AppIcon;
				ASSETCATALOG_COMPILER_GLOBAL_ACCENT_COLOR_NAME = AccentColor;
				CODE_SIGN_STYLE = Automatic;
				CURRENT_PROJECT_VERSION = 1;
				DEVELOPMENT_TEAM = VXYQ94L9Q4;
				GENERATE_INFOPLIST_FILE = YES;
				INFOPLIST_FILE = ShoesCloset/Info.plist;
				INFOPLIST_KEY_UIApplicationSupportsIndirectInputEvents = YES;
				INFOPLIST_KEY_UILaunchStoryboardName = LaunchScreen;
				INFOPLIST_KEY_UIMainStoryboardFile = Main;
				INFOPLIST_KEY_UISupportedInterfaceOrientations_iPad = "UIInterfaceOrientationPortrait UIInterfaceOrientationPortraitUpsideDown UIInterfaceOrientationLandscapeLeft UIInterfaceOrientationLandscapeRight";
				INFOPLIST_KEY_UISupportedInterfaceOrientations_iPhone = "UIInterfaceOrientationPortrait UIInterfaceOrientationLandscapeLeft UIInterfaceOrientationLandscapeRight";
				LD_RUNPATH_SEARCH_PATHS = (
					"$(inherited)",
					"@executable_path/Frameworks",
				);
				MARKETING_VERSION = 1.0;
				PRODUCT_BUNDLE_IDENTIFIER = com.wendyhsiao..ShoesCloset;
				PRODUCT_NAME = "$(TARGET_NAME)";
				SWIFT_EMIT_LOC_STRINGS = YES;
				SWIFT_VERSION = 5.0;
				TARGETED_DEVICE_FAMILY = "1,2";
			};
			name = Debug;
		};
		A9923CB62D37BB0500B30FA5 /* Release */ = {
			isa = XCBuildConfiguration;
			buildSettings = {
				ASSETCATALOG_COMPILER_APPICON_NAME = AppIcon;
				ASSETCATALOG_COMPILER_GLOBAL_ACCENT_COLOR_NAME = AccentColor;
				CODE_SIGN_STYLE = Automatic;
				CURRENT_PROJECT_VERSION = 1;
				DEVELOPMENT_TEAM = VXYQ94L9Q4;
				GENERATE_INFOPLIST_FILE = YES;
				INFOPLIST_FILE = ShoesCloset/Info.plist;
				INFOPLIST_KEY_UIApplicationSupportsIndirectInputEvents = YES;
				INFOPLIST_KEY_UILaunchStoryboardName = LaunchScreen;
				INFOPLIST_KEY_UIMainStoryboardFile = Main;
				INFOPLIST_KEY_UISupportedInterfaceOrientations_iPad = "UIInterfaceOrientationPortrait UIInterfaceOrientationPortraitUpsideDown UIInterfaceOrientationLandscapeLeft UIInterfaceOrientationLandscapeRight";
				INFOPLIST_KEY_UISupportedInterfaceOrientations_iPhone = "UIInterfaceOrientationPortrait UIInterfaceOrientationLandscapeLeft UIInterfaceOrientationLandscapeRight";
				LD_RUNPATH_SEARCH_PATHS = (
					"$(inherited)",
					"@executable_path/Frameworks",
				);
				MARKETING_VERSION = 1.0;
				PRODUCT_BUNDLE_IDENTIFIER = com.wendyhsiao..ShoesCloset;
				PRODUCT_NAME = "$(TARGET_NAME)";
				SWIFT_EMIT_LOC_STRINGS = YES;
				SWIFT_VERSION = 5.0;
				TARGETED_DEVICE_FAMILY = "1,2";
			};
			name = Release;
		};
		A9923CB72D37BB0500B30FA5 /* Debug */ = {
			isa = XCBuildConfiguration;
			buildSettings = {
				ALWAYS_SEARCH_USER_PATHS = NO;
				ASSETCATALOG_COMPILER_GENERATE_SWIFT_ASSET_SYMBOL_EXTENSIONS = YES;
				CLANG_ANALYZER_NONNULL = YES;
				CLANG_ANALYZER_NUMBER_OBJECT_CONVERSION = YES_AGGRESSIVE;
				CLANG_CXX_LANGUAGE_STANDARD = "gnu++20";
				CLANG_ENABLE_MODULES = YES;
				CLANG_ENABLE_OBJC_ARC = YES;
				CLANG_ENABLE_OBJC_WEAK = YES;
				CLANG_WARN_BLOCK_CAPTURE_AUTORELEASING = YES;
				CLANG_WARN_BOOL_CONVERSION = YES;
				CLANG_WARN_COMMA = YES;
				CLANG_WARN_CONSTANT_CONVERSION = YES;
				CLANG_WARN_DEPRECATED_OBJC_IMPLEMENTATIONS = YES;
				CLANG_WARN_DIRECT_OBJC_ISA_USAGE = YES_ERROR;
				CLANG_WARN_DOCUMENTATION_COMMENTS = YES;
				CLANG_WARN_EMPTY_BODY = YES;
				CLANG_WARN_ENUM_CONVERSION = YES;
				CLANG_WARN_INFINITE_RECURSION = YES;
				CLANG_WARN_INT_CONVERSION = YES;
				CLANG_WARN_NON_LITERAL_NULL_CONVERSION = YES;
				CLANG_WARN_OBJC_IMPLICIT_RETAIN_SELF = YES;
				CLANG_WARN_OBJC_LITERAL_CONVERSION = YES;
				CLANG_WARN_OBJC_ROOT_CLASS = YES_ERROR;
				CLANG_WARN_QUOTED_INCLUDE_IN_FRAMEWORK_HEADER = YES;
				CLANG_WARN_RANGE_LOOP_ANALYSIS = YES;
				CLANG_WARN_STRICT_PROTOTYPES = YES;
				CLANG_WARN_SUSPICIOUS_MOVE = YES;
				CLANG_WARN_UNGUARDED_AVAILABILITY = YES_AGGRESSIVE;
				CLANG_WARN_UNREACHABLE_CODE = YES;
				CLANG_WARN__DUPLICATE_METHOD_MATCH = YES;
				COPY_PHASE_STRIP = NO;
				DEBUG_INFORMATION_FORMAT = dwarf;
				ENABLE_STRICT_OBJC_MSGSEND = YES;
				ENABLE_TESTABILITY = YES;
				ENABLE_USER_SCRIPT_SANDBOXING = YES;
				GCC_C_LANGUAGE_STANDARD = gnu17;
				GCC_DYNAMIC_NO_PIC = NO;
				GCC_NO_COMMON_BLOCKS = YES;
				GCC_OPTIMIZATION_LEVEL = 0;
				GCC_PREPROCESSOR_DEFINITIONS = (
					"DEBUG=1",
					"$(inherited)",
				);
				GCC_WARN_64_TO_32_BIT_CONVERSION = YES;
				GCC_WARN_ABOUT_RETURN_TYPE = YES_ERROR;
				GCC_WARN_UNDECLARED_SELECTOR = YES;
				GCC_WARN_UNINITIALIZED_AUTOS = YES_AGGRESSIVE;
				GCC_WARN_UNUSED_FUNCTION = YES;
				GCC_WARN_UNUSED_VARIABLE = YES;
				IPHONEOS_DEPLOYMENT_TARGET = 18.0;
				LOCALIZATION_PREFERS_STRING_CATALOGS = YES;
				MTL_ENABLE_DEBUG_INFO = INCLUDE_SOURCE;
				MTL_FAST_MATH = YES;
				ONLY_ACTIVE_ARCH = YES;
				SDKROOT = iphoneos;
				SWIFT_ACTIVE_COMPILATION_CONDITIONS = "DEBUG $(inherited)";
				SWIFT_OPTIMIZATION_LEVEL = "-Onone";
			};
			name = Debug;
		};
		A9923CB82D37BB0500B30FA5 /* Release */ = {
			isa = XCBuildConfiguration;
			buildSettings = {
				ALWAYS_SEARCH_USER_PATHS = NO;
				ASSETCATALOG_COMPILER_GENERATE_SWIFT_ASSET_SYMBOL_EXTENSIONS = YES;
				CLANG_ANALYZER_NONNULL = YES;
				CLANG_ANALYZER_NUMBER_OBJECT_CONVERSION = YES_AGGRESSIVE;
				CLANG_CXX_LANGUAGE_STANDARD = "gnu++20";
				CLANG_ENABLE_MODULES = YES;
				CLANG_ENABLE_OBJC_ARC = YES;
				CLANG_ENABLE_OBJC_WEAK = YES;
				CLANG_WARN_BLOCK_CAPTURE_AUTORELEASING = YES;
				CLANG_WARN_BOOL_CONVERSION = YES;
				CLANG_WARN_COMMA = YES;
				CLANG_WARN_CONSTANT_CONVERSION = YES;
				CLANG_WARN_DEPRECATED_OBJC_IMPLEMENTATIONS = YES;
				CLANG_WARN_DIRECT_OBJC_ISA_USAGE = YES_ERROR;
				CLANG_WARN_DOCUMENTATION_COMMENTS = YES;
				CLANG_WARN_EMPTY_BODY = YES;
				CLANG_WARN_ENUM_CONVERSION = YES;
				CLANG_WARN_INFINITE_RECURSION = YES;
				CLANG_WARN_INT_CONVERSION = YES;
				CLANG_WARN_NON_LITERAL_NULL_CONVERSION = YES;
				CLANG_WARN_OBJC_IMPLICIT_RETAIN_SELF = YES;
				CLANG_WARN_OBJC_LITERAL_CONVERSION = YES;
				CLANG_WARN_OBJC_ROOT_CLASS = YES_ERROR;
				CLANG_WARN_QUOTED_INCLUDE_IN_FRAMEWORK_HEADER = YES;
				CLANG_WARN_RANGE_LOOP_ANALYSIS = YES;
				CLANG_WARN_STRICT_PROTOTYPES = YES;
				CLANG_WARN_SUSPICIOUS_MOVE = YES;
				CLANG_WARN_UNGUARDED_AVAILABILITY = YES_AGGRESSIVE;
				CLANG_WARN_UNREACHABLE_CODE = YES;
				CLANG_WARN__DUPLICATE_METHOD_MATCH = YES;
				COPY_PHASE_STRIP = NO;
				DEBUG_INFORMATION_FORMAT = "dwarf-with-dsym";
				ENABLE_NS_ASSERTIONS = NO;
				ENABLE_STRICT_OBJC_MSGSEND = YES;
				ENABLE_USER_SCRIPT_SANDBOXING = YES;
				GCC_C_LANGUAGE_STANDARD = gnu17;
				GCC_NO_COMMON_BLOCKS = YES;
				GCC_WARN_64_TO_32_BIT_CONVERSION = YES;
				GCC_WARN_ABOUT_RETURN_TYPE = YES_ERROR;
				GCC_WARN_UNDECLARED_SELECTOR = YES;
				GCC_WARN_UNINITIALIZED_AUTOS = YES_AGGRESSIVE;
				GCC_WARN_UNUSED_FUNCTION = YES;
				GCC_WARN_UNUSED_VARIABLE = YES;
				IPHONEOS_DEPLOYMENT_TARGET = 18.0;
				LOCALIZATION_PREFERS_STRING_CATALOGS = YES;
				MTL_ENABLE_DEBUG_INFO = NO;
				MTL_FAST_MATH = YES;
				SDKROOT = iphoneos;
				SWIFT_COMPILATION_MODE = wholemodule;
				VALIDATE_PRODUCT = YES;
			};
			name = Release;
		};
		A9923CBA2D37BB0500B30FA5 /* Debug */ = {
			isa = XCBuildConfiguration;
			buildSettings = {
				BUNDLE_LOADER = "$(TEST_HOST)";
				CODE_SIGN_STYLE = Automatic;
				CURRENT_PROJECT_VERSION = 1;
				DEVELOPMENT_TEAM = VXYQ94L9Q4;
				GENERATE_INFOPLIST_FILE = YES;
				IPHONEOS_DEPLOYMENT_TARGET = 18.0;
				MARKETING_VERSION = 1.0;
				PRODUCT_BUNDLE_IDENTIFIER = com.wendyhsiao..ShoesClosetTests;
				PRODUCT_NAME = "$(TARGET_NAME)";
				SWIFT_EMIT_LOC_STRINGS = NO;
				SWIFT_VERSION = 5.0;
				TARGETED_DEVICE_FAMILY = "1,2";
				TEST_HOST = "$(BUILT_PRODUCTS_DIR)/ShoesCloset.app/$(BUNDLE_EXECUTABLE_FOLDER_PATH)/ShoesCloset";
			};
			name = Debug;
		};
		A9923CBB2D37BB0500B30FA5 /* Release */ = {
			isa = XCBuildConfiguration;
			buildSettings = {
				BUNDLE_LOADER = "$(TEST_HOST)";
				CODE_SIGN_STYLE = Automatic;
				CURRENT_PROJECT_VERSION = 1;
				DEVELOPMENT_TEAM = VXYQ94L9Q4;
				GENERATE_INFOPLIST_FILE = YES;
				IPHONEOS_DEPLOYMENT_TARGET = 18.0;
				MARKETING_VERSION = 1.0;
				PRODUCT_BUNDLE_IDENTIFIER = com.wendyhsiao..ShoesClosetTests;
				PRODUCT_NAME = "$(TARGET_NAME)";
				SWIFT_EMIT_LOC_STRINGS = NO;
				SWIFT_VERSION = 5.0;
				TARGETED_DEVICE_FAMILY = "1,2";
				TEST_HOST = "$(BUILT_PRODUCTS_DIR)/ShoesCloset.app/$(BUNDLE_EXECUTABLE_FOLDER_PATH)/ShoesCloset";
			};
			name = Release;
		};
		A9923CBD2D37BB0500B30FA5 /* Debug */ = {
			isa = XCBuildConfiguration;
			buildSettings = {
				CODE_SIGN_STYLE = Automatic;
				CURRENT_PROJECT_VERSION = 1;
				DEVELOPMENT_TEAM = VXYQ94L9Q4;
				GENERATE_INFOPLIST_FILE = YES;
				MARKETING_VERSION = 1.0;
				PRODUCT_BUNDLE_IDENTIFIER = com.wendyhsiao..ShoesClosetUITests;
				PRODUCT_NAME = "$(TARGET_NAME)";
				SWIFT_EMIT_LOC_STRINGS = NO;
				SWIFT_VERSION = 5.0;
				TARGETED_DEVICE_FAMILY = "1,2";
				TEST_TARGET_NAME = ShoesCloset;
			};
			name = Debug;
		};
		A9923CBE2D37BB0500B30FA5 /* Release */ = {
			isa = XCBuildConfiguration;
			buildSettings = {
				CODE_SIGN_STYLE = Automatic;
				CURRENT_PROJECT_VERSION = 1;
				DEVELOPMENT_TEAM = VXYQ94L9Q4;
				GENERATE_INFOPLIST_FILE = YES;
				MARKETING_VERSION = 1.0;
				PRODUCT_BUNDLE_IDENTIFIER = com.wendyhsiao..ShoesClosetUITests;
				PRODUCT_NAME = "$(TARGET_NAME)";
				SWIFT_EMIT_LOC_STRINGS = NO;
				SWIFT_VERSION = 5.0;
				TARGETED_DEVICE_FAMILY = "1,2";
				TEST_TARGET_NAME = ShoesCloset;
			};
			name = Release;
		};
/* End XCBuildConfiguration section */

/* Begin XCConfigurationList section */
		A9923C832D37BB0300B30FA5 /* Build configuration list for PBXProject "ShoesCloset" */ = {
			isa = XCConfigurationList;
			buildConfigurations = (
				A9923CB72D37BB0500B30FA5 /* Debug */,
				A9923CB82D37BB0500B30FA5 /* Release */,
			);
			defaultConfigurationIsVisible = 0;
			defaultConfigurationName = Release;
		};
		A9923CB42D37BB0500B30FA5 /* Build configuration list for PBXNativeTarget "ShoesCloset" */ = {
			isa = XCConfigurationList;
			buildConfigurations = (
				A9923CB52D37BB0500B30FA5 /* Debug */,
				A9923CB62D37BB0500B30FA5 /* Release */,
			);
			defaultConfigurationIsVisible = 0;
			defaultConfigurationName = Release;
		};
		A9923CB92D37BB0500B30FA5 /* Build configuration list for PBXNativeTarget "ShoesClosetTests" */ = {
			isa = XCConfigurationList;
			buildConfigurations = (
				A9923CBA2D37BB0500B30FA5 /* Debug */,
				A9923CBB2D37BB0500B30FA5 /* Release */,
			);
			defaultConfigurationIsVisible = 0;
			defaultConfigurationName = Release;
		};
		A9923CBC2D37BB0500B30FA5 /* Build configuration list for PBXNativeTarget "ShoesClosetUITests" */ = {
			isa = XCConfigurationList;
			buildConfigurations = (
				A9923CBD2D37BB0500B30FA5 /* Debug */,
				A9923CBE2D37BB0500B30FA5 /* Release */,
			);
			defaultConfigurationIsVisible = 0;
			defaultConfigurationName = Release;
		};
/* End XCConfigurationList section */
	};
	rootObject = A9923C802D37BB0300B30FA5 /* Project object */;
}
